
Microsoft Visual Studio Solution File, Format Version 12.00
# Visual Studio Version 16
VisualStudioVersion = 16.0.31702.278
MinimumVisualStudioVersion = 10.0.40219.1
Project("{9A19103F-16F7-4668-BE54-9A1E7A4F7556}") = "WinFormsApp1", "WinFormsApp1\WinFormsApp1.csproj", "{C2F78EEA-2783-49E5-8FA3-267B25A0B554}"
EndProject
Project("{FAE04EC0-301F-11D3-BF4B-00C04F79EFBC}") = "TestProject1", "TestProject1\TestProject1.csproj", "{2BF422DA-94E5-48E6-B4B9-EBFC8F301C74}"
EndProject
Global
	GlobalSection(SolutionConfigurationPlatforms) = preSolution
		Debug|Any CPU = Debug|Any CPU
		Release|Any CPU = Release|Any CPU
	EndGlobalSection
	GlobalSection(ProjectConfigurationPlatforms) = postSolution
		{C2F78EEA-2783-49E5-8FA3-267B25A0B554}.Debug|Any CPU.ActiveCfg = Debug|Any CPU
		{C2F78EEA-2783-49E5-8FA3-267B25A0B554}.Debug|Any CPU.Build.0 = Debug|Any CPU
		{C2F78EEA-2783-49E5-8FA3-267B25A0B554}.Release|Any CPU.ActiveCfg = Release|Any CPU
		{C2F78EEA-2783-49E5-8FA3-267B25A0B554}.Release|Any CPU.Build.0 = Release|Any CPU
		{2BF422DA-94E5-48E6-B4B9-EBFC8F301C74}.Debug|Any CPU.ActiveCfg = Debug|Any CPU
		{2BF422DA-94E5-48E6-B4B9-EBFC8F301C74}.Debug|Any CPU.Build.0 = Debug|Any CPU
		{2BF422DA-94E5-48E6-B4B9-EBFC8F301C74}.Release|Any CPU.ActiveCfg = Release|Any CPU
		{2BF422DA-94E5-48E6-B4B9-EBFC8F301C74}.Release|Any CPU.Build.0 = Release|Any CPU
	EndGlobalSection
	GlobalSection(SolutionProperties) = preSolution
		HideSolutionNode = FALSE
	EndGlobalSection
	GlobalSection(ExtensibilityGlobals) = postSolution
		SolutionGuid = {36C67DC7-AF3E-468D-A7C9-74085F9B9388}
	EndGlobalSection
EndGlobal
